
Microsoft Visual Studio Solution File, Format Version 12.00
# Visual Studio Version 16
VisualStudioVersion = 16.0.31112.23
MinimumVisualStudioVersion = 10.0.40219.1
Project("{FAE04EC0-301F-11D3-BF4B-00C04F79EFBC}") = "WebApplication1", "WebApplication1.csproj", "{81236E57-CF24-470A-B8A8-D44BEDDB97CE}"
EndProject
Global
	GlobalSection(SolutionConfigurationPlatforms) = preSolution
		Debug|Any CPU = Debug|Any CPU
		Release|Any CPU = Release|Any CPU
	EndGlobalSection
	GlobalSection(ProjectConfigurationPlatforms) = postSolution
		{81236E57-CF24-470A-B8A8-D44BEDDB97CE}.Debug|Any CPU.ActiveCfg = Debug|Any CPU
		{81236E57-CF24-470A-B8A8-D44BEDDB97CE}.Debug|Any CPU.Build.0 = Debug|Any CPU
		{81236E57-CF24-470A-B8A8-D44BEDDB97CE}.Release|Any CPU.ActiveCfg = Release|Any CPU
		{81236E57-CF24-470A-B8A8-D44BEDDB97CE}.Release|Any CPU.Build.0 = Release|Any CPU
	EndGlobalSection
	GlobalSection(SolutionProperties) = preSolution
		HideSolutionNode = FALSE
	EndGlobalSection
	GlobalSection(ExtensibilityGlobals) = postSolution
		SolutionGuid = {2F89911B-19DB-496F-B70A-ECD82465E38A}
	EndGlobalSection
EndGlobal
