
Microsoft Visual Studio Solution File, Format Version 12.00
# Visual Studio Version 16
VisualStudioVersion = 16.0.31112.23
MinimumVisualStudioVersion = 10.0.40219.1
Project("{FAE04EC0-301F-11D3-BF4B-00C04F79EFBC}") = "CodeFirstChallenge", "CodeFirstChallenge.csproj", "{169BD22B-3787-46BF-877E-5A0101943C59}"
EndProject
Global
	GlobalSection(SolutionConfigurationPlatforms) = preSolution
		Debug|Any CPU = Debug|Any CPU
		Release|Any CPU = Release|Any CPU
	EndGlobalSection
	GlobalSection(ProjectConfigurationPlatforms) = postSolution
		{169BD22B-3787-46BF-877E-5A0101943C59}.Debug|Any CPU.ActiveCfg = Debug|Any CPU
		{169BD22B-3787-46BF-877E-5A0101943C59}.Debug|Any CPU.Build.0 = Debug|Any CPU
		{169BD22B-3787-46BF-877E-5A0101943C59}.Release|Any CPU.ActiveCfg = Release|Any CPU
		{169BD22B-3787-46BF-877E-5A0101943C59}.Release|Any CPU.Build.0 = Release|Any CPU
	EndGlobalSection
	GlobalSection(SolutionProperties) = preSolution
		HideSolutionNode = FALSE
	EndGlobalSection
	GlobalSection(ExtensibilityGlobals) = postSolution
		SolutionGuid = {B6DBC48D-E218-4EAD-B75E-25183D2D462A}
	EndGlobalSection
EndGlobal
